{
  "lockFileVersion": 11,
  "registryFileHashes": {
    "https://bcr.bazel.build/bazel_registry.json": "8a28e4aff06ee60aed2a8c281907fb8bcbf3b753c91fb5a5c57da3215d5b3497",
    "https://bcr.bazel.build/modules/abseil-cpp/20210324.2/MODULE.bazel": "7cd0312e064fde87c8d1cd79ba06c876bd23630c83466e9500321be55c96ace2",
    "https://bcr.bazel.build/modules/abseil-cpp/20211102.0/MODULE.bazel": "70390338f7a5106231d20620712f7cccb659cd0e9d073d1991c038eb9fc57589",
    "https://bcr.bazel.build/modules/abseil-cpp/20211102.0/source.json": "7e3a9adf473e9af076ae485ed649d5641ad50ec5c11718103f34de03170d94ad",
    "https://bcr.bazel.build/modules/apple_support/1.11.1/MODULE.bazel": "1843d7cd8a58369a444fc6000e7304425fba600ff641592161d9f15b179fb896",
    "https://bcr.bazel.build/modules/apple_support/1.15.1/MODULE.bazel": "a0556fefca0b1bb2de8567b8827518f94db6a6e7e7d632b4c48dc5f865bc7c85",
    "https://bcr.bazel.build/modules/apple_support/1.16.0/MODULE.bazel": "e785295d21ccab339c3af131752bfbe50fc33dd8215b357492d05bfad0232400",
    "https://bcr.bazel.build/modules/apple_support/1.16.0/source.json": "c9b56c85f6f9136ceacaa248565fbfb86686ab37a097a7e32d93f6822f21083b",
    "https://bcr.bazel.build/modules/apple_support/1.5.0/MODULE.bazel": "50341a62efbc483e8a2a6aec30994a58749bd7b885e18dd96aa8c33031e558ef",
    "https://bcr.bazel.build/modules/bazel_features/1.10.0/MODULE.bazel": "f75e8807570484a99be90abcd52b5e1f390362c258bcb73106f4544957a48101",
    "https://bcr.bazel.build/modules/bazel_features/1.11.0/MODULE.bazel": "f9382337dd5a474c3b7d334c2f83e50b6eaedc284253334cf823044a26de03e8",
    "https://bcr.bazel.build/modules/bazel_features/1.11.0/source.json": "c9320aa53cd1c441d24bd6b716da087ad7e4ff0d9742a9884587596edfe53015",
    "https://bcr.bazel.build/modules/bazel_features/1.3.0/MODULE.bazel": "cdcafe83ec318cda34e02948e81d790aab8df7a929cec6f6969f13a489ccecd9",
    "https://bcr.bazel.build/modules/bazel_skylib/1.0.3/MODULE.bazel": "bcb0fd896384802d1ad283b4e4eb4d718eebd8cb820b0a2c3a347fb971afd9d8",
    "https://bcr.bazel.build/modules/bazel_skylib/1.2.1/MODULE.bazel": "f35baf9da0efe45fa3da1696ae906eea3d615ad41e2e3def4aeb4e8bc0ef9a7a",
    "https://bcr.bazel.build/modules/bazel_skylib/1.3.0/MODULE.bazel": "20228b92868bf5cfc41bda7afc8a8ba2a543201851de39d990ec957b513579c5",
    "https://bcr.bazel.build/modules/bazel_skylib/1.5.0/MODULE.bazel": "32880f5e2945ce6a03d1fbd588e9198c0a959bb42297b2cfaf1685b7bc32e138",
    "https://bcr.bazel.build/modules/bazel_skylib/1.6.1/MODULE.bazel": "8fdee2dbaace6c252131c00e1de4b165dc65af02ea278476187765e1a617b917",
    "https://bcr.bazel.build/modules/bazel_skylib/1.6.1/source.json": "082ed5f9837901fada8c68c2f3ddc958bb22b6d654f71dd73f3df30d45d4b749",
    "https://bcr.bazel.build/modules/buildozer/7.1.2/MODULE.bazel": "2e8dd40ede9c454042645fd8d8d0cd1527966aa5c919de86661e62953cd73d84",
    "https://bcr.bazel.build/modules/buildozer/7.1.2/source.json": "c9028a501d2db85793a6996205c8de120944f50a0d570438fcae0457a5f9d1f8",
    "https://bcr.bazel.build/modules/googletest/1.11.0/MODULE.bazel": "3a83f095183f66345ca86aa13c58b59f9f94a2f81999c093d4eeaa2d262d12f4",
    "https://bcr.bazel.build/modules/googletest/1.11.0/source.json": "c73d9ef4268c91bd0c1cd88f1f9dfa08e814b1dbe89b5f594a9f08ba0244d206",
    "https://bcr.bazel.build/modules/nlohmann_json/3.6.1/MODULE.bazel": "6f7b417dcc794d9add9e556673ad25cb3ba835224290f4f848f8e2db1e1fca74",
    "https://bcr.bazel.build/modules/nlohmann_json/3.6.1/source.json": "f448c6e8963fdfa7eb831457df83ad63d3d6355018f6574fb017e8169deb43a9",
    "https://bcr.bazel.build/modules/platforms/0.0.4/MODULE.bazel": "9b328e31ee156f53f3c416a64f8491f7eb731742655a47c9eec4703a71644aee",
    "https://bcr.bazel.build/modules/platforms/0.0.5/MODULE.bazel": "5733b54ea419d5eaf7997054bb55f6a1d0b5ff8aedf0176fef9eea44f3acda37",
    "https://bcr.bazel.build/modules/platforms/0.0.6/MODULE.bazel": "ad6eeef431dc52aefd2d77ed20a4b353f8ebf0f4ecdd26a807d2da5aa8cd0615",
    "https://bcr.bazel.build/modules/platforms/0.0.7/MODULE.bazel": "72fd4a0ede9ee5c021f6a8dd92b503e089f46c227ba2813ff183b71616034814",
    "https://bcr.bazel.build/modules/platforms/0.0.9/MODULE.bazel": "4a87a60c927b56ddd67db50c89acaa62f4ce2a1d2149ccb63ffd871d5ce29ebc",
    "https://bcr.bazel.build/modules/platforms/0.0.9/source.json": "cd74d854bf16a9e002fb2ca7b1a421f4403cda29f824a765acd3a8c56f8d43e6",
    "https://bcr.bazel.build/modules/protobuf/21.7/MODULE.bazel": "a5a29bb89544f9b97edce05642fac225a808b5b7be74038ea3640fae2f8e66a7",
    "https://bcr.bazel.build/modules/protobuf/21.7/source.json": "bbe500720421e582ff2d18b0802464205138c06056f443184de39fbb8187b09b",
    "https://bcr.bazel.build/modules/protobuf/3.19.0/MODULE.bazel": "6b5fbb433f760a99a22b18b6850ed5784ef0e9928a72668b66e4d7ccd47db9b0",
    "https://bcr.bazel.build/modules/protobuf/3.19.6/MODULE.bazel": "9233edc5e1f2ee276a60de3eaa47ac4132302ef9643238f23128fea53ea12858",
    "https://bcr.bazel.build/modules/rules_cc/0.0.1/MODULE.bazel": "cb2aa0747f84c6c3a78dad4e2049c154f08ab9d166b1273835a8174940365647",
    "https://bcr.bazel.build/modules/rules_cc/0.0.2/MODULE.bazel": "6915987c90970493ab97393024c156ea8fb9f3bea953b2f3ec05c34f19b5695c",
    "https://bcr.bazel.build/modules/rules_cc/0.0.8/MODULE.bazel": "964c85c82cfeb6f3855e6a07054fdb159aced38e99a5eecf7bce9d53990afa3e",
    "https://bcr.bazel.build/modules/rules_cc/0.0.9/MODULE.bazel": "836e76439f354b89afe6a911a7adf59a6b2518fafb174483ad78a2a2fde7b1c5",
    "https://bcr.bazel.build/modules/rules_cc/0.0.9/source.json": "1f1ba6fea244b616de4a554a0f4983c91a9301640c8fe0dd1d410254115c8430",
    "https://bcr.bazel.build/modules/rules_java/4.0.0/MODULE.bazel": "5a78a7ae82cd1a33cef56dc578c7d2a46ed0dca12643ee45edbb8417899e6f74",
    "https://bcr.bazel.build/modules/rules_java/7.6.5/MODULE.bazel": "481164be5e02e4cab6e77a36927683263be56b7e36fef918b458d7a8a1ebadb1",
    "https://bcr.bazel.build/modules/rules_java/7.6.5/source.json": "a805b889531d1690e3c72a7a7e47a870d00323186a9904b36af83aa3d053ee8d",
    "https://bcr.bazel.build/modules/rules_jvm_external/4.4.2/MODULE.bazel": "a56b85e418c83eb1839819f0b515c431010160383306d13ec21959ac412d2fe7",
    "https://bcr.bazel.build/modules/rules_jvm_external/4.4.2/source.json": "a075731e1b46bc8425098512d038d416e966ab19684a10a34f4741295642fc35",
    "https://bcr.bazel.build/modules/rules_license/0.0.3/MODULE.bazel": "627e9ab0247f7d1e05736b59dbb1b6871373de5ad31c3011880b4133cafd4bd0",
    "https://bcr.bazel.build/modules/rules_license/0.0.7/MODULE.bazel": "088fbeb0b6a419005b89cf93fe62d9517c0a2b8bb56af3244af65ecfe37e7d5d",
    "https://bcr.bazel.build/modules/rules_license/0.0.7/source.json": "355cc5737a0f294e560d52b1b7a6492d4fff2caf0bef1a315df5a298fca2d34a",
    "https://bcr.bazel.build/modules/rules_pkg/0.7.0/MODULE.bazel": "df99f03fc7934a4737122518bb87e667e62d780b610910f0447665a7e2be62dc",
    "https://bcr.bazel.build/modules/rules_pkg/0.7.0/source.json": "c2557066e0c0342223ba592510ad3d812d4963b9024831f7f66fd0584dd8c66c",
    "https://bcr.bazel.build/modules/rules_proto/4.0.0/MODULE.bazel": "a7a7b6ce9bee418c1a760b3d84f83a299ad6952f9903c67f19e4edd964894e06",
    "https://bcr.bazel.build/modules/rules_proto/5.3.0-21.7/MODULE.bazel": "e8dff86b0971688790ae75528fe1813f71809b5afd57facb44dad9e8eca631b7",
    "https://bcr.bazel.build/modules/rules_proto/5.3.0-21.7/source.json": "d57902c052424dfda0e71646cb12668d39c4620ee0544294d9d941e7d12bc3a9",
    "https://bcr.bazel.build/modules/rules_python/0.10.2/MODULE.bazel": "cc82bc96f2997baa545ab3ce73f196d040ffb8756fd2d66125a530031cd90e5f",
    "https://bcr.bazel.build/modules/rules_python/0.22.1/MODULE.bazel": "26114f0c0b5e93018c0c066d6673f1a2c3737c7e90af95eff30cfee38d0bbac7",
    "https://bcr.bazel.build/modules/rules_python/0.22.1/source.json": "57226905e783bae7c37c2dd662be078728e48fa28ee4324a7eabcafb5a43d014",
    "https://bcr.bazel.build/modules/rules_python/0.4.0/MODULE.bazel": "9208ee05fd48bf09ac60ed269791cf17fb343db56c8226a720fbb1cdf467166c",
    "https://bcr.bazel.build/modules/rules_swift/1.16.0/MODULE.bazel": "4a09f199545a60d09895e8281362b1ff3bb08bbde69c6fc87aff5b92fcc916ca",
    "https://bcr.bazel.build/modules/rules_swift/2.1.1/MODULE.bazel": "494900a80f944fc7aa61500c2073d9729dff0b764f0e89b824eb746959bc1046",
    "https://bcr.bazel.build/modules/rules_swift/2.1.1/source.json": "40fc69dfaac64deddbb75bd99cdac55f4427d9ca0afbe408576a65428427a186",
    "https://bcr.bazel.build/modules/stardoc/0.5.1/MODULE.bazel": "1a05d92974d0c122f5ccf09291442580317cdd859f07a8655f1db9a60374f9f8",
    "https://bcr.bazel.build/modules/stardoc/0.5.1/source.json": "a96f95e02123320aa015b956f29c00cb818fa891ef823d55148e1a362caacf29",
    "https://bcr.bazel.build/modules/swift_argument_parser/1.3.1.1/MODULE.bazel": "5e463fbfba7b1701d957555ed45097d7f984211330106ccd1352c6e0af0dcf91",
    "https://bcr.bazel.build/modules/swift_argument_parser/1.3.1.1/source.json": "32bd87e5f4d7acc57c5b2ff7c325ae3061d5e242c0c4c214ae87e0f1c13e54cb",
    "https://bcr.bazel.build/modules/upb/0.0.0-20220923-a547704/MODULE.bazel": "7298990c00040a0e2f121f6c32544bab27d4452f80d9ce51349b1a28f3005c43",
    "https://bcr.bazel.build/modules/upb/0.0.0-20220923-a547704/source.json": "f1ef7d3f9e0e26d4b23d1c39b5f5de71f584dd7d1b4ef83d9bbba6ec7a6a6459",
    "https://bcr.bazel.build/modules/zlib/1.2.11/MODULE.bazel": "07b389abc85fdbca459b69e2ec656ae5622873af3f845e1c9d80fe179f3effa0",
    "https://bcr.bazel.build/modules/zlib/1.2.12/MODULE.bazel": "3b1a8834ada2a883674be8cbd36ede1b6ec481477ada359cd2d3ddc562340b27",
    "https://bcr.bazel.build/modules/zlib/1.3.1.bcr.3/MODULE.bazel": "af322bc08976524477c79d1e45e241b6efbeb918c497e8840b8ab116802dda79",
    "https://bcr.bazel.build/modules/zlib/1.3.1.bcr.3/source.json": "2be409ac3c7601245958cd4fcdff4288be79ed23bd690b4b951f500d54ee6e7d"
  },
  "selectedYankedVersions": {},
  "moduleExtensions": {
    "@@apple_support~//crosstool:setup.bzl%apple_cc_configure_extension": {
      "general": {
        "bzlTransitiveDigest": "7ii+gFxWSxHhQPrBxfMEHhtrGvHmBTvsh+KOyGunP/s=",
        "usagesDigest": "FVmqGjhmzxXscUPNOQn+rL5rZ+1KHGv1UWiNSs4MOBg=",
        "recordedFileInputs": {},
        "recordedDirentsInputs": {},
        "envVariables": {},
        "generatedRepoSpecs": {
          "local_config_apple_cc": {
            "bzlFile": "@@apple_support~//crosstool:setup.bzl",
            "ruleClassName": "_apple_cc_autoconf",
            "attributes": {}
          },
          "local_config_apple_cc_toolchains": {
            "bzlFile": "@@apple_support~//crosstool:setup.bzl",
            "ruleClassName": "_apple_cc_autoconf_toolchains",
            "attributes": {}
          }
        },
        "recordedRepoMappingEntries": [
          [
            "apple_support~",
            "bazel_tools",
            "bazel_tools"
          ]
        ]
      }
    },
    "@@platforms//host:extension.bzl%host_platform": {
      "general": {
        "bzlTransitiveDigest": "xelQcPZH8+tmuOHVjL9vDxMnnQNMlwj0SlvgoqBkm4U=",
        "usagesDigest": "meSzxn3DUCcYEhq4HQwExWkWtU4EjriRBQLsZN+Q0SU=",
        "recordedFileInputs": {},
        "recordedDirentsInputs": {},
        "envVariables": {},
        "generatedRepoSpecs": {
          "host_platform": {
            "bzlFile": "@@platforms//host:extension.bzl",
            "ruleClassName": "host_platform_repo",
            "attributes": {}
          }
        },
        "recordedRepoMappingEntries": []
      }
    },
    "@@rules_swift~//swift:extensions.bzl%non_module_deps": {
      "general": {
        "bzlTransitiveDigest": "SMlSpPt7J3akRjdCKkCLB4onHNyplTFRm/cjRcBXTK4=",
        "usagesDigest": "v8pVOoO9zhy1k73hpXrq8i5itmO9MQIRw5rQZKguitI=",
        "recordedFileInputs": {},
        "recordedDirentsInputs": {},
        "envVariables": {},
        "generatedRepoSpecs": {
          "com_github_apple_swift_docc_symbolkit": {
            "bzlFile": "@@bazel_tools//tools/build_defs/repo:http.bzl",
            "ruleClassName": "http_archive",
            "attributes": {
              "urls": [
                "https://github.com/apple/swift-docc-symbolkit/archive/refs/tags/swift-5.10-RELEASE.tar.gz"
              ],
              "sha256": "de1d4b6940468ddb53b89df7aa1a81323b9712775b0e33e8254fa0f6f7469a97",
              "strip_prefix": "swift-docc-symbolkit-swift-5.10-RELEASE",
              "build_file": "@@rules_swift~//third_party:com_github_apple_swift_docc_symbolkit/BUILD.overlay"
            }
          },
          "com_github_apple_swift_nio_http2": {
            "bzlFile": "@@bazel_tools//tools/build_defs/repo:http.bzl",
            "ruleClassName": "http_archive",
            "attributes": {
              "urls": [
                "https://github.com/apple/swift-nio-http2/archive/1.26.0.tar.gz"
              ],
              "sha256": "f0edfc9d6a7be1d587e5b403f2d04264bdfae59aac1d74f7d974a9022c6d2b25",
              "strip_prefix": "swift-nio-http2-1.26.0/",
              "build_file": "@@rules_swift~//third_party:com_github_apple_swift_nio_http2/BUILD.overlay"
            }
          },
          "build_bazel_rules_swift_index_import": {
            "bzlFile": "@@bazel_tools//tools/build_defs/repo:http.bzl",
            "ruleClassName": "http_archive",
            "attributes": {
              "build_file": "@@rules_swift~//third_party:build_bazel_rules_swift_index_import/BUILD.overlay",
              "canonical_id": "index-import-5.8",
              "urls": [
                "https://github.com/MobileNativeFoundation/index-import/releases/download/5.8.0.1/index-import.tar.gz"
              ],
              "sha256": "28c1ffa39d99e74ed70623899b207b41f79214c498c603915aef55972a851a15"
            }
          },
          "com_github_apple_swift_log": {
            "bzlFile": "@@bazel_tools//tools/build_defs/repo:http.bzl",
            "ruleClassName": "http_archive",
            "attributes": {
              "urls": [
                "https://github.com/apple/swift-log/archive/1.4.4.tar.gz"
              ],
              "sha256": "48fe66426c784c0c20031f15dc17faf9f4c9037c192bfac2f643f65cb2321ba0",
              "strip_prefix": "swift-log-1.4.4/",
              "build_file": "@@rules_swift~//third_party:com_github_apple_swift_log/BUILD.overlay"
            }
          },
          "com_github_apple_swift_collections": {
            "bzlFile": "@@bazel_tools//tools/build_defs/repo:http.bzl",
            "ruleClassName": "http_archive",
            "attributes": {
              "urls": [
                "https://github.com/apple/swift-collections/archive/1.0.4.tar.gz"
              ],
              "sha256": "d9e4c8a91c60fb9c92a04caccbb10ded42f4cb47b26a212bc6b39cc390a4b096",
              "strip_prefix": "swift-collections-1.0.4/",
              "build_file": "@@rules_swift~//third_party:com_github_apple_swift_collections/BUILD.overlay"
            }
          },
          "com_github_grpc_grpc_swift": {
            "bzlFile": "@@bazel_tools//tools/build_defs/repo:http.bzl",
            "ruleClassName": "http_archive",
            "attributes": {
              "urls": [
                "https://github.com/grpc/grpc-swift/archive/1.16.0.tar.gz"
              ],
              "sha256": "58b60431d0064969f9679411264b82e40a217ae6bd34e17096d92cc4e47556a5",
              "strip_prefix": "grpc-swift-1.16.0/",
              "build_file": "@@rules_swift~//third_party:com_github_grpc_grpc_swift/BUILD.overlay"
            }
          },
          "com_github_apple_swift_nio_extras": {
            "bzlFile": "@@bazel_tools//tools/build_defs/repo:http.bzl",
            "ruleClassName": "http_archive",
            "attributes": {
              "urls": [
                "https://github.com/apple/swift-nio-extras/archive/1.4.0.tar.gz"
              ],
              "sha256": "4684b52951d9d9937bb3e8ccd6b5daedd777021ef2519ea2f18c4c922843b52b",
              "strip_prefix": "swift-nio-extras-1.4.0/",
              "build_file": "@@rules_swift~//third_party:com_github_apple_swift_nio_extras/BUILD.overlay"
            }
          },
          "com_github_apple_swift_protobuf": {
            "bzlFile": "@@bazel_tools//tools/build_defs/repo:http.bzl",
            "ruleClassName": "http_archive",
            "attributes": {
              "urls": [
                "https://github.com/apple/swift-protobuf/archive/1.20.2.tar.gz"
              ],
              "sha256": "3fb50bd4d293337f202d917b6ada22f9548a0a0aed9d9a4d791e6fbd8a246ebb",
              "strip_prefix": "swift-protobuf-1.20.2/",
              "build_file": "@@rules_swift~//third_party:com_github_apple_swift_protobuf/BUILD.overlay"
            }
          },
          "com_github_apple_swift_nio_ssl": {
            "bzlFile": "@@bazel_tools//tools/build_defs/repo:http.bzl",
            "ruleClassName": "http_archive",
            "attributes": {
              "urls": [
                "https://github.com/apple/swift-nio-ssl/archive/2.23.0.tar.gz"
              ],
              "sha256": "4787c63f61dd04d99e498adc3d1a628193387e41efddf8de19b8db04544d016d",
              "strip_prefix": "swift-nio-ssl-2.23.0/",
              "build_file": "@@rules_swift~//third_party:com_github_apple_swift_nio_ssl/BUILD.overlay"
            }
          },
          "com_github_apple_swift_atomics": {
            "bzlFile": "@@bazel_tools//tools/build_defs/repo:http.bzl",
            "ruleClassName": "http_archive",
            "attributes": {
              "urls": [
                "https://github.com/apple/swift-atomics/archive/1.1.0.tar.gz"
              ],
              "sha256": "1bee7f469f7e8dc49f11cfa4da07182fbc79eab000ec2c17bfdce468c5d276fb",
              "strip_prefix": "swift-atomics-1.1.0/",
              "build_file": "@@rules_swift~//third_party:com_github_apple_swift_atomics/BUILD.overlay"
            }
          },
          "com_github_apple_swift_nio_transport_services": {
            "bzlFile": "@@bazel_tools//tools/build_defs/repo:http.bzl",
            "ruleClassName": "http_archive",
            "attributes": {
              "urls": [
                "https://github.com/apple/swift-nio-transport-services/archive/1.15.0.tar.gz"
              ],
              "sha256": "f3498dafa633751a52b9b7f741f7ac30c42bcbeb3b9edca6d447e0da8e693262",
              "strip_prefix": "swift-nio-transport-services-1.15.0/",
              "build_file": "@@rules_swift~//third_party:com_github_apple_swift_nio_transport_services/BUILD.overlay"
            }
          },
          "com_github_apple_swift_nio": {
            "bzlFile": "@@bazel_tools//tools/build_defs/repo:http.bzl",
            "ruleClassName": "http_archive",
            "attributes": {
              "urls": [
                "https://github.com/apple/swift-nio/archive/2.42.0.tar.gz"
              ],
              "sha256": "e3304bc3fb53aea74a3e54bd005ede11f6dc357117d9b1db642d03aea87194a0",
              "strip_prefix": "swift-nio-2.42.0/",
              "build_file": "@@rules_swift~//third_party:com_github_apple_swift_nio/BUILD.overlay"
            }
          },
          "build_bazel_rules_swift_local_config": {
            "bzlFile": "@@rules_swift~//swift/internal:swift_autoconfiguration.bzl",
            "ruleClassName": "swift_autoconfiguration",
            "attributes": {}
          }
        },
        "recordedRepoMappingEntries": [
          [
            "rules_swift~",
            "bazel_tools",
            "bazel_tools"
          ],
          [
            "rules_swift~",
            "build_bazel_rules_swift",
            "rules_swift~"
          ]
        ]
      }
    }
  }
}
