{
  "object": {
    "pins": [
      {
        "package": "swift-atomics",
        "repositoryURL": "https://github.com/apple/swift-atomics",
        "state": {
          "branch": null,
          "revision": "6c89474e62719ddcc1e9614989fff2f68208fe10",
          "version": "1.1.0"
        }
      }
    ]
  },
  "version": 1
}
